// !$*UTF8*$!
{
	archiveVersion = 1;
	classes = {
	};
	objectVersion = 77;
	objects = {

/* Begin PBXBuildFile section */
		BBFF5A762E3FC6E400333534 /* ComposableArchitecture in Frameworks */ = {isa = PBXBuildFile; productRef = BBFF5A752E3FC6E400333534 /* ComposableArchitecture */; };
/* End PBXBuildFile section */

/* Begin PBXContainerItemProxy section */
		BB0B198D2E3FC64F00239B0C /* PBXContainerItemProxy */ = {
			isa = PBXContainerItemProxy;
			containerPortal = BB0B19772E3FC64C00239B0C /* Project object */;
			proxyType = 1;
			remoteGlobalIDString = BB0B197E2E3FC64C00239B0C;
			remoteInfo = ComposingFeatures;
		};
		BB0B19972E3FC64F00239B0C /* PBXContainerItemProxy */ = {
			isa = PBXContainerItemProxy;
			containerPortal = BB0B19772E3FC64C00239B0C /* Project object */;
			proxyType = 1;
			remoteGlobalIDString = BB0B197E2E3FC64C00239B0C;
			remoteInfo = ComposingFeatures;
		};
/* End PBXContainerItemProxy section */

/* Begin PBXFileReference section */
		BB0B197F2E3FC64C00239B0C /* ComposingFeatures.app */ = {isa = PBXFileReference; explicitFileType = wrapper.application; includeInIndex = 0; path = ComposingFeatures.app; sourceTree = BUILT_PRODUCTS_DIR; };
		BB0B198C2E3FC64F00239B0C /* ComposingFeaturesTests.xctest */ = {isa = PBXFileReference; explicitFileType = wrapper.cfbundle; includeInIndex = 0; path = ComposingFeaturesTests.xctest; sourceTree = BUILT_PRODUCTS_DIR; };
		BB0B19962E3FC64F00239B0C /* ComposingFeaturesUITests.xctest */ = {isa = PBXFileReference; explicitFileType = wrapper.cfbundle; includeInIndex = 0; path = ComposingFeaturesUITests.xctest; sourceTree = BUILT_PRODUCTS_DIR; };
/* End PBXFileReference section */

/* Begin PBXFileSystemSynchronizedBuildFileExceptionSet section */
		BBFF5A822E3FC7CB00333534 /* Exceptions for "ComposingFeatures" folder in "ComposingFeatures" target */ = {
			isa = PBXFileSystemSynchronizedBuildFileExceptionSet;
			membershipExceptions = (
				Info.plist,
			);
			target = BB0B197E2E3FC64C00239B0C /* ComposingFeatures */;
		};
/* End PBXFileSystemSynchronizedBuildFileExceptionSet section */

/* Begin PBXFileSystemSynchronizedRootGroup section */
		BB0B19812E3FC64C00239B0C /* ComposingFeatures */ = {
			isa = PBXFileSystemSynchronizedRootGroup;
			exceptions = (
				BBFF5A822E3FC7CB00333534 /* Exceptions for "ComposingFeatures" folder in "ComposingFeatures" target */,
			);
			path = ComposingFeatures;
			sourceTree = "<group>";
		};
		BB0B198F2E3FC64F00239B0C /* ComposingFeaturesTests */ = {
			isa = PBXFileSystemSynchronizedRootGroup;
			path = ComposingFeaturesTests;
			sourceTree = "<group>";
		};
		BB0B19992E3FC64F00239B0C /* ComposingFeaturesUITests */ = {
			isa = PBXFileSystemSynchronizedRootGroup;
			path = ComposingFeaturesUITests;
			sourceTree = "<group>";
		};
/* End PBXFileSystemSynchronizedRootGroup section */

/* Begin PBXFrameworksBuildPhase section */
		BB0B197C2E3FC64C00239B0C /* Frameworks */ = {
			isa = PBXFrameworksBuildPhase;
			buildActionMask = 2147483647;
			files = (
				BBFF5A762E3FC6E400333534 /* ComposableArchitecture in Frameworks */,
			);
			runOnlyForDeploymentPostprocessing = 0;
		};
		BB0B19892E3FC64F00239B0C /* Frameworks */ = {
			isa = PBXFrameworksBuildPhase;
			buildActionMask = 2147483647;
			files = (
			);
			runOnlyForDeploymentPostprocessing = 0;
		};
		BB0B19932E3FC64F00239B0C /* Frameworks */ = {
			isa = PBXFrameworksBuildPhase;
			buildActionMask = 2147483647;
			files = (
			);
			runOnlyForDeploymentPostprocessing = 0;
		};
/* End PBXFrameworksBuildPhase section */

/* Begin PBXGroup section */
		BB0B19762E3FC64C00239B0C = {
			isa = PBXGroup;
			children = (
				BB0B19812E3FC64C00239B0C /* ComposingFeatures */,
				BB0B198F2E3FC64F00239B0C /* ComposingFeaturesTests */,
				BB0B19992E3FC64F00239B0C /* ComposingFeaturesUITests */,
				BB0B19802E3FC64C00239B0C /* Products */,
			);
			sourceTree = "<group>";
		};
		BB0B19802E3FC64C00239B0C /* Products */ = {
			isa = PBXGroup;
			children = (
				BB0B197F2E3FC64C00239B0C /* ComposingFeatures.app */,
				BB0B198C2E3FC64F00239B0C /* ComposingFeaturesTests.xctest */,
				BB0B19962E3FC64F00239B0C /* ComposingFeaturesUITests.xctest */,
			);
			name = Products;
			sourceTree = "<group>";
		};
/* End PBXGroup section */

/* Begin PBXNativeTarget section */
		BB0B197E2E3FC64C00239B0C /* ComposingFeatures */ = {
			isa = PBXNativeTarget;
			buildConfigurationList = BB0B19A02E3FC64F00239B0C /* Build configuration list for PBXNativeTarget "ComposingFeatures" */;
			buildPhases = (
				BB0B197B2E3FC64C00239B0C /* Sources */,
				BB0B197C2E3FC64C00239B0C /* Frameworks */,
				BB0B197D2E3FC64C00239B0C /* Resources */,
			);
			buildRules = (
			);
			dependencies = (
			);
			fileSystemSynchronizedGroups = (
				BB0B19812E3FC64C00239B0C /* ComposingFeatures */,
			);
			name = ComposingFeatures;
			packageProductDependencies = (
				BBFF5A752E3FC6E400333534 /* ComposableArchitecture */,
			);
			productName = ComposingFeatures;
			productReference = BB0B197F2E3FC64C00239B0C /* ComposingFeatures.app */;
			productType = "com.apple.product-type.application";
		};
		BB0B198B2E3FC64F00239B0C /* ComposingFeaturesTests */ = {
			isa = PBXNativeTarget;
			buildConfigurationList = BB0B19A32E3FC64F00239B0C /* Build configuration list for PBXNativeTarget "ComposingFeaturesTests" */;
			buildPhases = (
				BB0B19882E3FC64F00239B0C /* Sources */,
				BB0B19892E3FC64F00239B0C /* Frameworks */,
				BB0B198A2E3FC64F00239B0C /* Resources */,
			);
			buildRules = (
			);
			dependencies = (
				BB0B198E2E3FC64F00239B0C /* PBXTargetDependency */,
			);
			fileSystemSynchronizedGroups = (
				BB0B198F2E3FC64F00239B0C /* ComposingFeaturesTests */,
			);
			name = ComposingFeaturesTests;
			packageProductDependencies = (
			);
			productName = ComposingFeaturesTests;
			productReference = BB0B198C2E3FC64F00239B0C /* ComposingFeaturesTests.xctest */;
			productType = "com.apple.product-type.bundle.unit-test";
		};
		BB0B19952E3FC64F00239B0C /* ComposingFeaturesUITests */ = {
			isa = PBXNativeTarget;
			buildConfigurationList = BB0B19A62E3FC64F00239B0C /* Build configuration list for PBXNativeTarget "ComposingFeaturesUITests" */;
			buildPhases = (
				BB0B19922E3FC64F00239B0C /* Sources */,
				BB0B19932E3FC64F00239B0C /* Frameworks */,
				BB0B19942E3FC64F00239B0C /* Resources */,
			);
			buildRules = (
			);
			dependencies = (
				BB0B19982E3FC64F00239B0C /* PBXTargetDependency */,
			);
			fileSystemSynchronizedGroups = (
				BB0B19992E3FC64F00239B0C /* ComposingFeaturesUITests */,
			);
			name = ComposingFeaturesUITests;
			packageProductDependencies = (
			);
			productName = ComposingFeaturesUITests;
			productReference = BB0B19962E3FC64F00239B0C /* ComposingFeaturesUITests.xctest */;
			productType = "com.apple.product-type.bundle.ui-testing";
		};
/* End PBXNativeTarget section */

/* Begin PBXProject section */
		BB0B19772E3FC64C00239B0C /* Project object */ = {
			isa = PBXProject;
			attributes = {
				BuildIndependentTargetsInParallel = 1;
				LastSwiftUpdateCheck = 2600;
				LastUpgradeCheck = 2600;
				TargetAttributes = {
					BB0B197E2E3FC64C00239B0C = {
						CreatedOnToolsVersion = 26.0;
					};
					BB0B198B2E3FC64F00239B0C = {
						CreatedOnToolsVersion = 26.0;
						TestTargetID = BB0B197E2E3FC64C00239B0C;
					};
					BB0B19952E3FC64F00239B0C = {
						CreatedOnToolsVersion = 26.0;
						TestTargetID = BB0B197E2E3FC64C00239B0C;
					};
				};
			};
			buildConfigurationList = BB0B197A2E3FC64C00239B0C /* Build configuration list for PBXProject "ComposingFeatures" */;
			developmentRegion = en;
			hasScannedForEncodings = 0;
			knownRegions = (
				en,
				Base,
			);
			mainGroup = BB0B19762E3FC64C00239B0C;
			minimizedProjectReferenceProxies = 1;
			packageReferences = (
				BBFF5A742E3FC6E400333534 /* XCRemoteSwiftPackageReference "swift-composable-architecture" */,
			);
			preferredProjectObjectVersion = 77;
			productRefGroup = BB0B19802E3FC64C00239B0C /* Products */;
			projectDirPath = "";
			projectRoot = "";
			targets = (
				BB0B197E2E3FC64C00239B0C /* ComposingFeatures */,
				BB0B198B2E3FC64F00239B0C /* ComposingFeaturesTests */,
				BB0B19952E3FC64F00239B0C /* ComposingFeaturesUITests */,
			);
		};
/* End PBXProject section */

/* Begin PBXResourcesBuildPhase section */
		BB0B197D2E3FC64C00239B0C /* Resources */ = {
			isa = PBXResourcesBuildPhase;
			buildActionMask = 2147483647;
			files = (
			);
			runOnlyForDeploymentPostprocessing = 0;
		};
		BB0B198A2E3FC64F00239B0C /* Resources */ = {
			isa = PBXResourcesBuildPhase;
			buildActionMask = 2147483647;
			files = (
			);
			runOnlyForDeploymentPostprocessing = 0;
		};
		BB0B19942E3FC64F00239B0C /* Resources */ = {
			isa = PBXResourcesBuildPhase;
			buildActionMask = 2147483647;
			files = (
			);
			runOnlyForDeploymentPostprocessing = 0;
		};
/* End PBXResourcesBuildPhase section */

/* Begin PBXSourcesBuildPhase section */
		BB0B197B2E3FC64C00239B0C /* Sources */ = {
			isa = PBXSourcesBuildPhase;
			buildActionMask = 2147483647;
			files = (
			);
			runOnlyForDeploymentPostprocessing = 0;
		};
		BB0B19882E3FC64F00239B0C /* Sources */ = {
			isa = PBXSourcesBuildPhase;
			buildActionMask = 2147483647;
			files = (
			);
			runOnlyForDeploymentPostprocessing = 0;
		};
		BB0B19922E3FC64F00239B0C /* Sources */ = {
			isa = PBXSourcesBuildPhase;
			buildActionMask = 2147483647;
			files = (
			);
			runOnlyForDeploymentPostprocessing = 0;
		};
/* End PBXSourcesBuildPhase section */

/* Begin PBXTargetDependency section */
		BB0B198E2E3FC64F00239B0C /* PBXTargetDependency */ = {
			isa = PBXTargetDependency;
			target = BB0B197E2E3FC64C00239B0C /* ComposingFeatures */;
			targetProxy = BB0B198D2E3FC64F00239B0C /* PBXContainerItemProxy */;
		};
		BB0B19982E3FC64F00239B0C /* PBXTargetDependency */ = {
			isa = PBXTargetDependency;
			target = BB0B197E2E3FC64C00239B0C /* ComposingFeatures */;
			targetProxy = BB0B19972E3FC64F00239B0C /* PBXContainerItemProxy */;
		};
/* End PBXTargetDependency section */

/* Begin XCBuildConfiguration section */
		BB0B199E2E3FC64F00239B0C /* Debug */ = {
			isa = XCBuildConfiguration;
			buildSettings = {
				ALWAYS_SEARCH_USER_PATHS = NO;
				ASSETCATALOG_COMPILER_GENERATE_SWIFT_ASSET_SYMBOL_EXTENSIONS = YES;
				CLANG_ANALYZER_NONNULL = YES;
				CLANG_ANALYZER_NUMBER_OBJECT_CONVERSION = YES_AGGRESSIVE;
				CLANG_CXX_LANGUAGE_STANDARD = "gnu++20";
				CLANG_ENABLE_MODULES = YES;
				CLANG_ENABLE_OBJC_ARC = YES;
				CLANG_ENABLE_OBJC_WEAK = YES;
				CLANG_WARN_BLOCK_CAPTURE_AUTORELEASING = YES;
				CLANG_WARN_BOOL_CONVERSION = YES;
				CLANG_WARN_COMMA = YES;
				CLANG_WARN_CONSTANT_CONVERSION = YES;
				CLANG_WARN_DEPRECATED_OBJC_IMPLEMENTATIONS = YES;
				CLANG_WARN_DIRECT_OBJC_ISA_USAGE = YES_ERROR;
				CLANG_WARN_DOCUMENTATION_COMMENTS = YES;
				CLANG_WARN_EMPTY_BODY = YES;
				CLANG_WARN_ENUM_CONVERSION = YES;
				CLANG_WARN_INFINITE_RECURSION = YES;
				CLANG_WARN_INT_CONVERSION = YES;
				CLANG_WARN_NON_LITERAL_NULL_CONVERSION = YES;
				CLANG_WARN_OBJC_IMPLICIT_RETAIN_SELF = YES;
				CLANG_WARN_OBJC_LITERAL_CONVERSION = YES;
				CLANG_WARN_OBJC_ROOT_CLASS = YES_ERROR;
				CLANG_WARN_QUOTED_INCLUDE_IN_FRAMEWORK_HEADER = YES;
				CLANG_WARN_RANGE_LOOP_ANALYSIS = YES;
				CLANG_WARN_STRICT_PROTOTYPES = YES;
				CLANG_WARN_SUSPICIOUS_MOVE = YES;
				CLANG_WARN_UNGUARDED_AVAILABILITY = YES_AGGRESSIVE;
				CLANG_WARN_UNREACHABLE_CODE = YES;
				CLANG_WARN__DUPLICATE_METHOD_MATCH = YES;
				COPY_PHASE_STRIP = NO;
				DEBUG_INFORMATION_FORMAT = dwarf;
				DEVELOPMENT_TEAM = 3GAU36V85Y;
				ENABLE_STRICT_OBJC_MSGSEND = YES;
				ENABLE_TESTABILITY = YES;
				ENABLE_USER_SCRIPT_SANDBOXING = YES;
				GCC_C_LANGUAGE_STANDARD = gnu17;
				GCC_DYNAMIC_NO_PIC = NO;
				GCC_NO_COMMON_BLOCKS = YES;
				GCC_OPTIMIZATION_LEVEL = 0;
				GCC_PREPROCESSOR_DEFINITIONS = (
					"DEBUG=1",
					"$(inherited)",
				);
				GCC_WARN_64_TO_32_BIT_CONVERSION = YES;
				GCC_WARN_ABOUT_RETURN_TYPE = YES_ERROR;
				GCC_WARN_UNDECLARED_SELECTOR = YES;
				GCC_WARN_UNINITIALIZED_AUTOS = YES_AGGRESSIVE;
				GCC_WARN_UNUSED_FUNCTION = YES;
				GCC_WARN_UNUSED_VARIABLE = YES;
				IPHONEOS_DEPLOYMENT_TARGET = 26.0;
				LOCALIZATION_PREFERS_STRING_CATALOGS = YES;
				MTL_ENABLE_DEBUG_INFO = INCLUDE_SOURCE;
				MTL_FAST_MATH = YES;
				ONLY_ACTIVE_ARCH = YES;
				SDKROOT = iphoneos;
				SWIFT_ACTIVE_COMPILATION_CONDITIONS = "DEBUG $(inherited)";
				SWIFT_OPTIMIZATION_LEVEL = "-Onone";
			};
			name = Debug;
		};
		BB0B199F2E3FC64F00239B0C /* Release */ = {
			isa = XCBuildConfiguration;
			buildSettings = {
				ALWAYS_SEARCH_USER_PATHS = NO;
				ASSETCATALOG_COMPILER_GENERATE_SWIFT_ASSET_SYMBOL_EXTENSIONS = YES;
				CLANG_ANALYZER_NONNULL = YES;
				CLANG_ANALYZER_NUMBER_OBJECT_CONVERSION = YES_AGGRESSIVE;
				CLANG_CXX_LANGUAGE_STANDARD = "gnu++20";
				CLANG_ENABLE_MODULES = YES;
				CLANG_ENABLE_OBJC_ARC = YES;
				CLANG_ENABLE_OBJC_WEAK = YES;
				CLANG_WARN_BLOCK_CAPTURE_AUTORELEASING = YES;
				CLANG_WARN_BOOL_CONVERSION = YES;
				CLANG_WARN_COMMA = YES;
				CLANG_WARN_CONSTANT_CONVERSION = YES;
				CLANG_WARN_DEPRECATED_OBJC_IMPLEMENTATIONS = YES;
				CLANG_WARN_DIRECT_OBJC_ISA_USAGE = YES_ERROR;
				CLANG_WARN_DOCUMENTATION_COMMENTS = YES;
				CLANG_WARN_EMPTY_BODY = YES;
				CLANG_WARN_ENUM_CONVERSION = YES;
				CLANG_WARN_INFINITE_RECURSION = YES;
				CLANG_WARN_INT_CONVERSION = YES;
				CLANG_WARN_NON_LITERAL_NULL_CONVERSION = YES;
				CLANG_WARN_OBJC_IMPLICIT_RETAIN_SELF = YES;
				CLANG_WARN_OBJC_LITERAL_CONVERSION = YES;
				CLANG_WARN_OBJC_ROOT_CLASS = YES_ERROR;
				CLANG_WARN_QUOTED_INCLUDE_IN_FRAMEWORK_HEADER = YES;
				CLANG_WARN_RANGE_LOOP_ANALYSIS = YES;
				CLANG_WARN_STRICT_PROTOTYPES = YES;
				CLANG_WARN_SUSPICIOUS_MOVE = YES;
				CLANG_WARN_UNGUARDED_AVAILABILITY = YES_AGGRESSIVE;
				CLANG_WARN_UNREACHABLE_CODE = YES;
				CLANG_WARN__DUPLICATE_METHOD_MATCH = YES;
				COPY_PHASE_STRIP = NO;
				DEBUG_INFORMATION_FORMAT = "dwarf-with-dsym";
				DEVELOPMENT_TEAM = 3GAU36V85Y;
				ENABLE_NS_ASSERTIONS = NO;
				ENABLE_STRICT_OBJC_MSGSEND = YES;
				ENABLE_USER_SCRIPT_SANDBOXING = YES;
				GCC_C_LANGUAGE_STANDARD = gnu17;
				GCC_NO_COMMON_BLOCKS = YES;
				GCC_WARN_64_TO_32_BIT_CONVERSION = YES;
				GCC_WARN_ABOUT_RETURN_TYPE = YES_ERROR;
				GCC_WARN_UNDECLARED_SELECTOR = YES;
				GCC_WARN_UNINITIALIZED_AUTOS = YES_AGGRESSIVE;
				GCC_WARN_UNUSED_FUNCTION = YES;
				GCC_WARN_UNUSED_VARIABLE = YES;
				IPHONEOS_DEPLOYMENT_TARGET = 26.0;
				LOCALIZATION_PREFERS_STRING_CATALOGS = YES;
				MTL_ENABLE_DEBUG_INFO = NO;
				MTL_FAST_MATH = YES;
				SDKROOT = iphoneos;
				SWIFT_COMPILATION_MODE = wholemodule;
				VALIDATE_PRODUCT = YES;
			};
			name = Release;
		};
		BB0B19A12E3FC64F00239B0C /* Debug */ = {
			isa = XCBuildConfiguration;
			buildSettings = {
				ASSETCATALOG_COMPILER_APPICON_NAME = AppIcon;
				ASSETCATALOG_COMPILER_GLOBAL_ACCENT_COLOR_NAME = AccentColor;
				CODE_SIGN_STYLE = Automatic;
				CURRENT_PROJECT_VERSION = 1;
				DEVELOPMENT_TEAM = 3GAU36V85Y;
				ENABLE_PREVIEWS = YES;
				GENERATE_INFOPLIST_FILE = YES;
				INFOPLIST_FILE = ComposingFeatures/Info.plist;
				INFOPLIST_KEY_UIApplicationSceneManifest_Generation = YES;
				INFOPLIST_KEY_UIApplicationSupportsIndirectInputEvents = YES;
				INFOPLIST_KEY_UILaunchScreen_Generation = YES;
				INFOPLIST_KEY_UISupportedInterfaceOrientations_iPad = "UIInterfaceOrientationPortrait UIInterfaceOrientationPortraitUpsideDown UIInterfaceOrientationLandscapeLeft UIInterfaceOrientationLandscapeRight";
				INFOPLIST_KEY_UISupportedInterfaceOrientations_iPhone = "UIInterfaceOrientationPortrait UIInterfaceOrientationLandscapeLeft UIInterfaceOrientationLandscapeRight";
				LD_RUNPATH_SEARCH_PATHS = (
					"$(inherited)",
					"@executable_path/Frameworks",
				);
				MARKETING_VERSION = 1.0;
				PRODUCT_BUNDLE_IDENTIFIER = io.jaroshevskii.ComposingFeatures;
				PRODUCT_NAME = "$(TARGET_NAME)";
				STRING_CATALOG_GENERATE_SYMBOLS = YES;
				SWIFT_APPROACHABLE_CONCURRENCY = YES;
				SWIFT_DEFAULT_ACTOR_ISOLATION = nonisolated;
				SWIFT_EMIT_LOC_STRINGS = YES;
				SWIFT_UPCOMING_FEATURE_MEMBER_IMPORT_VISIBILITY = YES;
				SWIFT_VERSION = 5.0;
				TARGETED_DEVICE_FAMILY = "1,2";
			};
			name = Debug;
		};
		BB0B19A22E3FC64F00239B0C /* Release */ = {
			isa = XCBuildConfiguration;
			buildSettings = {
				ASSETCATALOG_COMPILER_APPICON_NAME = AppIcon;
				ASSETCATALOG_COMPILER_GLOBAL_ACCENT_COLOR_NAME = AccentColor;
				CODE_SIGN_STYLE = Automatic;
				CURRENT_PROJECT_VERSION = 1;
				DEVELOPMENT_TEAM = 3GAU36V85Y;
				ENABLE_PREVIEWS = YES;
				GENERATE_INFOPLIST_FILE = YES;
				INFOPLIST_FILE = ComposingFeatures/Info.plist;
				INFOPLIST_KEY_UIApplicationSceneManifest_Generation = YES;
				INFOPLIST_KEY_UIApplicationSupportsIndirectInputEvents = YES;
				INFOPLIST_KEY_UILaunchScreen_Generation = YES;
				INFOPLIST_KEY_UISupportedInterfaceOrientations_iPad = "UIInterfaceOrientationPortrait UIInterfaceOrientationPortraitUpsideDown UIInterfaceOrientationLandscapeLeft UIInterfaceOrientationLandscapeRight";
				INFOPLIST_KEY_UISupportedInterfaceOrientations_iPhone = "UIInterfaceOrientationPortrait UIInterfaceOrientationLandscapeLeft UIInterfaceOrientationLandscapeRight";
				LD_RUNPATH_SEARCH_PATHS = (
					"$(inherited)",
					"@executable_path/Frameworks",
				);
				MARKETING_VERSION = 1.0;
				PRODUCT_BUNDLE_IDENTIFIER = io.jaroshevskii.ComposingFeatures;
				PRODUCT_NAME = "$(TARGET_NAME)";
				STRING_CATALOG_GENERATE_SYMBOLS = YES;
				SWIFT_APPROACHABLE_CONCURRENCY = YES;
				SWIFT_DEFAULT_ACTOR_ISOLATION = nonisolated;
				SWIFT_EMIT_LOC_STRINGS = YES;
				SWIFT_UPCOMING_FEATURE_MEMBER_IMPORT_VISIBILITY = YES;
				SWIFT_VERSION = 5.0;
				TARGETED_DEVICE_FAMILY = "1,2";
			};
			name = Release;
		};
		BB0B19A42E3FC64F00239B0C /* Debug */ = {
			isa = XCBuildConfiguration;
			buildSettings = {
				BUNDLE_LOADER = "$(TEST_HOST)";
				CODE_SIGN_STYLE = Automatic;
				CURRENT_PROJECT_VERSION = 1;
				DEVELOPMENT_TEAM = 3GAU36V85Y;
				GENERATE_INFOPLIST_FILE = YES;
				IPHONEOS_DEPLOYMENT_TARGET = 26.0;
				MARKETING_VERSION = 1.0;
				PRODUCT_BUNDLE_IDENTIFIER = io.jaroshevskii.ComposingFeaturesTests;
				PRODUCT_NAME = "$(TARGET_NAME)";
				STRING_CATALOG_GENERATE_SYMBOLS = NO;
				SWIFT_APPROACHABLE_CONCURRENCY = YES;
				SWIFT_EMIT_LOC_STRINGS = NO;
				SWIFT_UPCOMING_FEATURE_MEMBER_IMPORT_VISIBILITY = YES;
				SWIFT_VERSION = 5.0;
				TARGETED_DEVICE_FAMILY = "1,2";
				TEST_HOST = "$(BUILT_PRODUCTS_DIR)/ComposingFeatures.app/$(BUNDLE_EXECUTABLE_FOLDER_PATH)/ComposingFeatures";
			};
			name = Debug;
		};
		BB0B19A52E3FC64F00239B0C /* Release */ = {
			isa = XCBuildConfiguration;
			buildSettings = {
				BUNDLE_LOADER = "$(TEST_HOST)";
				CODE_SIGN_STYLE = Automatic;
				CURRENT_PROJECT_VERSION = 1;
				DEVELOPMENT_TEAM = 3GAU36V85Y;
				GENERATE_INFOPLIST_FILE = YES;
				IPHONEOS_DEPLOYMENT_TARGET = 26.0;
				MARKETING_VERSION = 1.0;
				PRODUCT_BUNDLE_IDENTIFIER = io.jaroshevskii.ComposingFeaturesTests;
				PRODUCT_NAME = "$(TARGET_NAME)";
				STRING_CATALOG_GENERATE_SYMBOLS = NO;
				SWIFT_APPROACHABLE_CONCURRENCY = YES;
				SWIFT_EMIT_LOC_STRINGS = NO;
				SWIFT_UPCOMING_FEATURE_MEMBER_IMPORT_VISIBILITY = YES;
				SWIFT_VERSION = 5.0;
				TARGETED_DEVICE_FAMILY = "1,2";
				TEST_HOST = "$(BUILT_PRODUCTS_DIR)/ComposingFeatures.app/$(BUNDLE_EXECUTABLE_FOLDER_PATH)/ComposingFeatures";
			};
			name = Release;
		};
		BB0B19A72E3FC64F00239B0C /* Debug */ = {
			isa = XCBuildConfiguration;
			buildSettings = {
				CODE_SIGN_STYLE = Automatic;
				CURRENT_PROJECT_VERSION = 1;
				DEVELOPMENT_TEAM = 3GAU36V85Y;
				GENERATE_INFOPLIST_FILE = YES;
				MARKETING_VERSION = 1.0;
				PRODUCT_BUNDLE_IDENTIFIER = io.jaroshevskii.ComposingFeaturesUITests;
				PRODUCT_NAME = "$(TARGET_NAME)";
				STRING_CATALOG_GENERATE_SYMBOLS = NO;
				SWIFT_APPROACHABLE_CONCURRENCY = YES;
				SWIFT_EMIT_LOC_STRINGS = NO;
				SWIFT_UPCOMING_FEATURE_MEMBER_IMPORT_VISIBILITY = YES;
				SWIFT_VERSION = 5.0;
				TARGETED_DEVICE_FAMILY = "1,2";
				TEST_TARGET_NAME = ComposingFeatures;
			};
			name = Debug;
		};
		BB0B19A82E3FC64F00239B0C /* Release */ = {
			isa = XCBuildConfiguration;
			buildSettings = {
				CODE_SIGN_STYLE = Automatic;
				CURRENT_PROJECT_VERSION = 1;
				DEVELOPMENT_TEAM = 3GAU36V85Y;
				GENERATE_INFOPLIST_FILE = YES;
				MARKETING_VERSION = 1.0;
				PRODUCT_BUNDLE_IDENTIFIER = io.jaroshevskii.ComposingFeaturesUITests;
				PRODUCT_NAME = "$(TARGET_NAME)";
				STRING_CATALOG_GENERATE_SYMBOLS = NO;
				SWIFT_APPROACHABLE_CONCURRENCY = YES;
				SWIFT_EMIT_LOC_STRINGS = NO;
				SWIFT_UPCOMING_FEATURE_MEMBER_IMPORT_VISIBILITY = YES;
				SWIFT_VERSION = 5.0;
				TARGETED_DEVICE_FAMILY = "1,2";
				TEST_TARGET_NAME = ComposingFeatures;
			};
			name = Release;
		};
/* End XCBuildConfiguration section */

/* Begin XCConfigurationList section */
		BB0B197A2E3FC64C00239B0C /* Build configuration list for PBXProject "ComposingFeatures" */ = {
			isa = XCConfigurationList;
			buildConfigurations = (
				BB0B199E2E3FC64F00239B0C /* Debug */,
				BB0B199F2E3FC64F00239B0C /* Release */,
			);
			defaultConfigurationIsVisible = 0;
			defaultConfigurationName = Release;
		};
		BB0B19A02E3FC64F00239B0C /* Build configuration list for PBXNativeTarget "ComposingFeatures" */ = {
			isa = XCConfigurationList;
			buildConfigurations = (
				BB0B19A12E3FC64F00239B0C /* Debug */,
				BB0B19A22E3FC64F00239B0C /* Release */,
			);
			defaultConfigurationIsVisible = 0;
			defaultConfigurationName = Release;
		};
		BB0B19A32E3FC64F00239B0C /* Build configuration list for PBXNativeTarget "ComposingFeaturesTests" */ = {
			isa = XCConfigurationList;
			buildConfigurations = (
				BB0B19A42E3FC64F00239B0C /* Debug */,
				BB0B19A52E3FC64F00239B0C /* Release */,
			);
			defaultConfigurationIsVisible = 0;
			defaultConfigurationName = Release;
		};
		BB0B19A62E3FC64F00239B0C /* Build configuration list for PBXNativeTarget "ComposingFeaturesUITests" */ = {
			isa = XCConfigurationList;
			buildConfigurations = (
				BB0B19A72E3FC64F00239B0C /* Debug */,
				BB0B19A82E3FC64F00239B0C /* Release */,
			);
			defaultConfigurationIsVisible = 0;
			defaultConfigurationName = Release;
		};
/* End XCConfigurationList section */

/* Begin XCRemoteSwiftPackageReference section */
		BBFF5A742E3FC6E400333534 /* XCRemoteSwiftPackageReference "swift-composable-architecture" */ = {
			isa = XCRemoteSwiftPackageReference;
			repositoryURL = "https://github.com/pointfreeco/swift-composable-architecture";
			requirement = {
				kind = upToNextMajorVersion;
				minimumVersion = 1.21.0;
			};
		};
/* End XCRemoteSwiftPackageReference section */

/* Begin XCSwiftPackageProductDependency section */
		BBFF5A752E3FC6E400333534 /* ComposableArchitecture */ = {
			isa = XCSwiftPackageProductDependency;
			package = BBFF5A742E3FC6E400333534 /* XCRemoteSwiftPackageReference "swift-composable-architecture" */;
			productName = ComposableArchitecture;
		};
/* End XCSwiftPackageProductDependency section */
	};
	rootObject = BB0B19772E3FC64C00239B0C /* Project object */;
}
